
Microsoft Visual Studio Solution File, Format Version 12.00
# Visual Studio Express 2012 for Windows Desktop
Project("{FAE04EC0-301F-11D3-BF4B-00C04F79EFBC}") = "CF_TimeSpanSlider", "CF_TimeSpanSlider\CF_TimeSpanSlider.csproj", "{B39EC45A-983A-4D7D-8126-404A2ACEBF48}"
EndProject
Global
	GlobalSection(TeamFoundationVersionControl) = preSolution
		SccNumberOfProjects = 1
		SccEnterpriseProvider = {4CA58AB2-18FA-4F8D-95D4-32DDF27D184C}
		SccTeamFoundationServer = http://cf-ws:8080/tfs/tfs_cf_time
		SccProjectUniqueName0 = CF_TimeSpanSlider\\CF_TimeSpanSlider.csproj
		SccProjectName0 = $/CF_TIME/CF_TimeSpanSlider/CF_TimeSpanSlider
		SccAuxPath0 = http://cf-ws:8080/tfs/tfs_cf_time
		SccLocalPath0 = CF_TimeSpanSlider
		SccProvider0 = {4CA58AB2-18FA-4F8D-95D4-32DDF27D184C}
	EndGlobalSection
	GlobalSection(SolutionConfigurationPlatforms) = preSolution
		Debug|Any CPU = Debug|Any CPU
		Release|Any CPU = Release|Any CPU
	EndGlobalSection
	GlobalSection(ProjectConfigurationPlatforms) = postSolution
		{B39EC45A-983A-4D7D-8126-404A2ACEBF48}.Debug|Any CPU.ActiveCfg = Debug|Any CPU
		{B39EC45A-983A-4D7D-8126-404A2ACEBF48}.Debug|Any CPU.Build.0 = Debug|Any CPU
		{B39EC45A-983A-4D7D-8126-404A2ACEBF48}.Release|Any CPU.ActiveCfg = Release|Any CPU
		{B39EC45A-983A-4D7D-8126-404A2ACEBF48}.Release|Any CPU.Build.0 = Release|Any CPU
	EndGlobalSection
	GlobalSection(SolutionProperties) = preSolution
		HideSolutionNode = FALSE
	EndGlobalSection
EndGlobal
